
Microsoft Visual Studio Solution File, Format Version 12.00
# Visual Studio Version 16
VisualStudioVersion = 16.0.29519.87
MinimumVisualStudioVersion = 10.0.40219.1
Project("{FAE04EC0-301F-11D3-BF4B-00C04F79EFBC}") = "LedMatrixAnimation", "LedMatrixAnimation\LedMatrixAnimation.csproj", "{B878763E-E33F-4680-BCDA-D677E3D14842}"
EndProject
Project("{FAE04EC0-301F-11D3-BF4B-00C04F79EFBC}") = "LedMatrixTextScroll", "LedMatrixTextScroll\LedMatrixTextScroll.csproj", "{5D64A7DB-BBF5-494B-A92A-63A4D3757576}"
EndProject
Global
	GlobalSection(SolutionConfigurationPlatforms) = preSolution
		Debug|Any CPU = Debug|Any CPU
		Release|Any CPU = Release|Any CPU
	EndGlobalSection
	GlobalSection(ProjectConfigurationPlatforms) = postSolution
		{B878763E-E33F-4680-BCDA-D677E3D14842}.Debug|Any CPU.ActiveCfg = Debug|Any CPU
		{B878763E-E33F-4680-BCDA-D677E3D14842}.Debug|Any CPU.Build.0 = Debug|Any CPU
		{B878763E-E33F-4680-BCDA-D677E3D14842}.Release|Any CPU.ActiveCfg = Release|Any CPU
		{B878763E-E33F-4680-BCDA-D677E3D14842}.Release|Any CPU.Build.0 = Release|Any CPU
		{5D64A7DB-BBF5-494B-A92A-63A4D3757576}.Debug|Any CPU.ActiveCfg = Debug|Any CPU
		{5D64A7DB-BBF5-494B-A92A-63A4D3757576}.Debug|Any CPU.Build.0 = Debug|Any CPU
		{5D64A7DB-BBF5-494B-A92A-63A4D3757576}.Release|Any CPU.ActiveCfg = Release|Any CPU
		{5D64A7DB-BBF5-494B-A92A-63A4D3757576}.Release|Any CPU.Build.0 = Release|Any CPU
	EndGlobalSection
	GlobalSection(SolutionProperties) = preSolution
		HideSolutionNode = FALSE
	EndGlobalSection
	GlobalSection(ExtensibilityGlobals) = postSolution
		SolutionGuid = {F5EF0BF8-404F-442F-A8BF-07E4240779BF}
	EndGlobalSection
EndGlobal
